{
  "version": 4,
  "terraform_version": "0.12.25",
  "serial": 5,
  "lineage": "82903949-ed6b-0eb2-c392-048cd3122ad0",
  "outputs": {},
  "resources": [
    {
      "mode": "managed",
      "type": "aws_cloudformation_stack",
      "name": "test",
      "provider": "provider.aws",
      "instances": [
        {
          "schema_version": 0,
          "attributes": {
            "capabilities": null,
            "disable_rollback": false,
            "iam_role_arn": "",
            "id": "arn:aws:cloudformation:us-west-2:659553998200:stack/bla/f1f37ca0-bc3b-11ea-9ec1-029a7e70cbfe",
            "name": "bla",
            "notification_arns": null,
            "on_failure": null,
            "outputs": {},
            "parameters": {
              "VPCCidr": "10.0.0.0/16"
            },
            "policy_body": null,
            "policy_url": null,
            "tags": {
              "awsweeper": "test-acc"
            },
            "template_body": "{\"Parameters\":{\"VPCCidr\":{\"Default\":\"10.0.0.0/16\",\"Description\":\"Enter the CIDR block for the VPC. Default is 10.0.0.0/16.\",\"Type\":\"String\"}},\"Resources\":{\"myVpc\":{\"Properties\":{\"CidrBlock\":{\"Ref\":\"VPCCidr\"},\"Tags\":[{\"Key\":\"Name\",\"Value\":\"Primary_CF_VPC\"}]},\"Type\":\"AWS::EC2::VPC\"}}}",
            "template_url": null,
            "timeout_in_minutes": null,
            "timeouts": null
          },
          "private": "eyJlMmJmYjczMC1lY2FhLTExZTYtOGY4OC0zNDM2M2JjN2M0YzAiOnsiY3JlYXRlIjoxODAwMDAwMDAwMDAwLCJkZWxldGUiOjE4MDAwMDAwMDAwMDAsInVwZGF0ZSI6MTgwMDAwMDAwMDAwMH19"
        }
      ]
    }
  ]
}
